// !$*UTF8*$!
{
	archiveVersion = 1;
	classes = {
	};
	objectVersion = 46;
	objects = {

/* Begin PBXBuildFile section */
		09C730FC1C71642B00383917 /* main.m in Sources */ = {isa = PBXBuildFile; fileRef = 09C730FB1C71642B00383917 /* main.m */; };
		09C730FF1C71642B00383917 /* AppDelegate.m in Sources */ = {isa = PBXBuildFile; fileRef = 09C730FE1C71642B00383917 /* AppDelegate.m */; };
		09C731021C71642B00383917 /* ViewController.m in Sources */ = {isa = PBXBuildFile; fileRef = 09C731011C71642B00383917 /* ViewController.m */; };
		09C731051C71642B00383917 /* Main.storyboard in Resources */ = {isa = PBXBuildFile; fileRef = 09C731031C71642B00383917 /* Main.storyboard */; };
		09C731081C71642B00383917 /* ____.xcdatamodeld in Sources */ = {isa = PBXBuildFile; fileRef = 09C731061C71642B00383917 /* ____.xcdatamodeld */; };
		09C7310A1C71642B00383917 /* Assets.xcassets in Resources */ = {isa = PBXBuildFile; fileRef = 09C731091C71642B00383917 /* Assets.xcassets */; };
		09C7310D1C71642B00383917 /* LaunchScreen.storyboard in Resources */ = {isa = PBXBuildFile; fileRef = 09C7310B1C71642B00383917 /* LaunchScreen.storyboard */; };
		09C731181C71642B00383917 /* ____Tests.m in Sources */ = {isa = PBXBuildFile; fileRef = 09C731171C71642B00383917 /* ____Tests.m */; };
		09C731231C71642B00383917 /* ____UITests.m in Sources */ = {isa = PBXBuildFile; fileRef = 09C731221C71642B00383917 /* ____UITests.m */; };
		09C731351C71658E00383917 /* ZYWheelView.m in Sources */ = {isa = PBXBuildFile; fileRef = 09C731341C71658E00383917 /* ZYWheelView.m */; };
		09C731371C7165A000383917 /* ZYWheelView.xib in Resources */ = {isa = PBXBuildFile; fileRef = 09C731361C7165A000383917 /* ZYWheelView.xib */; };
/* End PBXBuildFile section */

/* Begin PBXContainerItemProxy section */
		09C731141C71642B00383917 /* PBXContainerItemProxy */ = {
			isa = PBXContainerItemProxy;
			containerPortal = 09C730EF1C71642B00383917 /* Project object */;
			proxyType = 1;
			remoteGlobalIDString = 09C730F61C71642B00383917;
			remoteInfo = "彩票转盘";
		};
		09C7311F1C71642B00383917 /* PBXContainerItemProxy */ = {
			isa = PBXContainerItemProxy;
			containerPortal = 09C730EF1C71642B00383917 /* Project object */;
			proxyType = 1;
			remoteGlobalIDString = 09C730F61C71642B00383917;
			remoteInfo = "彩票转盘";
		};
/* End PBXContainerItemProxy section */

/* Begin PBXFileReference section */
		09C730F71C71642B00383917 /* 彩票转盘.app */ = {isa = PBXFileReference; explicitFileType = wrapper.application; includeInIndex = 0; path = "彩票转盘.app"; sourceTree = BUILT_PRODUCTS_DIR; };
		09C730FB1C71642B00383917 /* main.m */ = {isa = PBXFileReference; lastKnownFileType = sourcecode.c.objc; path = main.m; sourceTree = "<group>"; };
		09C730FD1C71642B00383917 /* AppDelegate.h */ = {isa = PBXFileReference; lastKnownFileType = sourcecode.c.h; path = AppDelegate.h; sourceTree = "<group>"; };
		09C730FE1C71642B00383917 /* AppDelegate.m */ = {isa = PBXFileReference; lastKnownFileType = sourcecode.c.objc; path = AppDelegate.m; sourceTree = "<group>"; };
		09C731001C71642B00383917 /* ViewController.h */ = {isa = PBXFileReference; lastKnownFileType = sourcecode.c.h; path = ViewController.h; sourceTree = "<group>"; };
		09C731011C71642B00383917 /* ViewController.m */ = {isa = PBXFileReference; lastKnownFileType = sourcecode.c.objc; path = ViewController.m; sourceTree = "<group>"; };
		09C731041C71642B00383917 /* Base */ = {isa = PBXFileReference; lastKnownFileType = file.storyboard; name = Base; path = Base.lproj/Main.storyboard; sourceTree = "<group>"; };
		09C731071C71642B00383917 /* ____.xcdatamodel */ = {isa = PBXFileReference; lastKnownFileType = wrapper.xcdatamodel; path = "____.xcdatamodel"; sourceTree = "<group>"; };
		09C731091C71642B00383917 /* Assets.xcassets */ = {isa = PBXFileReference; lastKnownFileType = folder.assetcatalog; path = Assets.xcassets; sourceTree = "<group>"; };
		09C7310C1C71642B00383917 /* Base */ = {isa = PBXFileReference; lastKnownFileType = file.storyboard; name = Base; path = Base.lproj/LaunchScreen.storyboard; sourceTree = "<group>"; };
		09C7310E1C71642B00383917 /* Info.plist */ = {isa = PBXFileReference; lastKnownFileType = text.plist.xml; path = Info.plist; sourceTree = "<group>"; };
		09C731131C71642B00383917 /* 彩票转盘Tests.xctest */ = {isa = PBXFileReference; explicitFileType = wrapper.cfbundle; includeInIndex = 0; path = "彩票转盘Tests.xctest"; sourceTree = BUILT_PRODUCTS_DIR; };
		09C731171C71642B00383917 /* ____Tests.m */ = {isa = PBXFileReference; lastKnownFileType = sourcecode.c.objc; path = "____Tests.m"; sourceTree = "<group>"; };
		09C731191C71642B00383917 /* Info.plist */ = {isa = PBXFileReference; lastKnownFileType = text.plist.xml; path = Info.plist; sourceTree = "<group>"; };
		09C7311E1C71642B00383917 /* 彩票转盘UITests.xctest */ = {isa = PBXFileReference; explicitFileType = wrapper.cfbundle; includeInIndex = 0; path = "彩票转盘UITests.xctest"; sourceTree = BUILT_PRODUCTS_DIR; };
		09C731221C71642B00383917 /* ____UITests.m */ = {isa = PBXFileReference; lastKnownFileType = sourcecode.c.objc; path = "____UITests.m"; sourceTree = "<group>"; };
		09C731241C71642B00383917 /* Info.plist */ = {isa = PBXFileReference; lastKnownFileType = text.plist.xml; path = Info.plist; sourceTree = "<group>"; };
		09C731331C71658E00383917 /* ZYWheelView.h */ = {isa = PBXFileReference; fileEncoding = 4; lastKnownFileType = sourcecode.c.h; path = ZYWheelView.h; sourceTree = "<group>"; };
		09C731341C71658E00383917 /* ZYWheelView.m */ = {isa = PBXFileReference; fileEncoding = 4; lastKnownFileType = sourcecode.c.objc; path = ZYWheelView.m; sourceTree = "<group>"; };
		09C731361C7165A000383917 /* ZYWheelView.xib */ = {isa = PBXFileReference; fileEncoding = 4; lastKnownFileType = file.xib; path = ZYWheelView.xib; sourceTree = "<group>"; };
/* End PBXFileReference section */

/* Begin PBXFrameworksBuildPhase section */
		09C730F41C71642B00383917 /* Frameworks */ = {
			isa = PBXFrameworksBuildPhase;
			buildActionMask = 2147483647;
			files = (
			);
			runOnlyForDeploymentPostprocessing = 0;
		};
		09C731101C71642B00383917 /* Frameworks */ = {
			isa = PBXFrameworksBuildPhase;
			buildActionMask = 2147483647;
			files = (
			);
			runOnlyForDeploymentPostprocessing = 0;
		};
		09C7311B1C71642B00383917 /* Frameworks */ = {
			isa = PBXFrameworksBuildPhase;
			buildActionMask = 2147483647;
			files = (
			);
			runOnlyForDeploymentPostprocessing = 0;
		};
/* End PBXFrameworksBuildPhase section */

/* Begin PBXGroup section */
		09C730EE1C71642B00383917 = {
			isa = PBXGroup;
			children = (
				09C730F91C71642B00383917 /* 彩票转盘 */,
				09C731161C71642B00383917 /* 彩票转盘Tests */,
				09C731211C71642B00383917 /* 彩票转盘UITests */,
				09C730F81C71642B00383917 /* Products */,
			);
			sourceTree = "<group>";
		};
		09C730F81C71642B00383917 /* Products */ = {
			isa = PBXGroup;
			children = (
				09C730F71C71642B00383917 /* 彩票转盘.app */,
				09C731131C71642B00383917 /* 彩票转盘Tests.xctest */,
				09C7311E1C71642B00383917 /* 彩票转盘UITests.xctest */,
			);
			name = Products;
			sourceTree = "<group>";
		};
		09C730F91C71642B00383917 /* 彩票转盘 */ = {
			isa = PBXGroup;
			children = (
				09C730FD1C71642B00383917 /* AppDelegate.h */,
				09C730FE1C71642B00383917 /* AppDelegate.m */,
				09C731001C71642B00383917 /* ViewController.h */,
				09C731011C71642B00383917 /* ViewController.m */,
				09C731031C71642B00383917 /* Main.storyboard */,
				09C731331C71658E00383917 /* ZYWheelView.h */,
				09C731341C71658E00383917 /* ZYWheelView.m */,
				09C731361C7165A000383917 /* ZYWheelView.xib */,
				09C730FA1C71642B00383917 /* Supporting Files */,
			);
			path = "彩票转盘";
			sourceTree = "<group>";
		};
		09C730FA1C71642B00383917 /* Supporting Files */ = {
			isa = PBXGroup;
			children = (
				09C731091C71642B00383917 /* Assets.xcassets */,
				09C7310B1C71642B00383917 /* LaunchScreen.storyboard */,
				09C7310E1C71642B00383917 /* Info.plist */,
				09C731061C71642B00383917 /* ____.xcdatamodeld */,
				09C730FB1C71642B00383917 /* main.m */,
			);
			name = "Supporting Files";
			sourceTree = "<group>";
		};
		09C731161C71642B00383917 /* 彩票转盘Tests */ = {
			isa = PBXGroup;
			children = (
				09C731171C71642B00383917 /* ____Tests.m */,
				09C731191C71642B00383917 /* Info.plist */,
			);
			path = "彩票转盘Tests";
			sourceTree = "<group>";
		};
		09C731211C71642B00383917 /* 彩票转盘UITests */ = {
			isa = PBXGroup;
			children = (
				09C731221C71642B00383917 /* ____UITests.m */,
				09C731241C71642B00383917 /* Info.plist */,
			);
			path = "彩票转盘UITests";
			sourceTree = "<group>";
		};
/* End PBXGroup section */

/* Begin PBXNativeTarget section */
		09C730F61C71642B00383917 /* 彩票转盘 */ = {
			isa = PBXNativeTarget;
			buildConfigurationList = 09C731271C71642B00383917 /* Build configuration list for PBXNativeTarget "彩票转盘" */;
			buildPhases = (
				09C730F31C71642B00383917 /* Sources */,
				09C730F41C71642B00383917 /* Frameworks */,
				09C730F51C71642B00383917 /* Resources */,
			);
			buildRules = (
			);
			dependencies = (
			);
			name = "彩票转盘";
			productName = "彩票转盘";
			productReference = 09C730F71C71642B00383917 /* 彩票转盘.app */;
			productType = "com.apple.product-type.application";
		};
		09C731121C71642B00383917 /* 彩票转盘Tests */ = {
			isa = PBXNativeTarget;
			buildConfigurationList = 09C7312A1C71642B00383917 /* Build configuration list for PBXNativeTarget "彩票转盘Tests" */;
			buildPhases = (
				09C7310F1C71642B00383917 /* Sources */,
				09C731101C71642B00383917 /* Frameworks */,
				09C731111C71642B00383917 /* Resources */,
			);
			buildRules = (
			);
			dependencies = (
				09C731151C71642B00383917 /* PBXTargetDependency */,
			);
			name = "彩票转盘Tests";
			productName = "彩票转盘Tests";
			productReference = 09C731131C71642B00383917 /* 彩票转盘Tests.xctest */;
			productType = "com.apple.product-type.bundle.unit-test";
		};
		09C7311D1C71642B00383917 /* 彩票转盘UITests */ = {
			isa = PBXNativeTarget;
			buildConfigurationList = 09C7312D1C71642B00383917 /* Build configuration list for PBXNativeTarget "彩票转盘UITests" */;
			buildPhases = (
				09C7311A1C71642B00383917 /* Sources */,
				09C7311B1C71642B00383917 /* Frameworks */,
				09C7311C1C71642B00383917 /* Resources */,
			);
			buildRules = (
			);
			dependencies = (
				09C731201C71642B00383917 /* PBXTargetDependency */,
			);
			name = "彩票转盘UITests";
			productName = "彩票转盘UITests";
			productReference = 09C7311E1C71642B00383917 /* 彩票转盘UITests.xctest */;
			productType = "com.apple.product-type.bundle.ui-testing";
		};
/* End PBXNativeTarget section */

/* Begin PBXProject section */
		09C730EF1C71642B00383917 /* Project object */ = {
			isa = PBXProject;
			attributes = {
				LastUpgradeCheck = 0720;
				ORGANIZATIONNAME = "王志盼";
				TargetAttributes = {
					09C730F61C71642B00383917 = {
						CreatedOnToolsVersion = 7.2;
					};
					09C731121C71642B00383917 = {
						CreatedOnToolsVersion = 7.2;
						TestTargetID = 09C730F61C71642B00383917;
					};
					09C7311D1C71642B00383917 = {
						CreatedOnToolsVersion = 7.2;
						TestTargetID = 09C730F61C71642B00383917;
					};
				};
			};
			buildConfigurationList = 09C730F21C71642B00383917 /* Build configuration list for PBXProject "彩票转盘" */;
			compatibilityVersion = "Xcode 3.2";
			developmentRegion = English;
			hasScannedForEncodings = 0;
			knownRegions = (
				en,
				Base,
			);
			mainGroup = 09C730EE1C71642B00383917;
			productRefGroup = 09C730F81C71642B00383917 /* Products */;
			projectDirPath = "";
			projectRoot = "";
			targets = (
				09C730F61C71642B00383917 /* 彩票转盘 */,
				09C731121C71642B00383917 /* 彩票转盘Tests */,
				09C7311D1C71642B00383917 /* 彩票转盘UITests */,
			);
		};
/* End PBXProject section */

/* Begin PBXResourcesBuildPhase section */
		09C730F51C71642B00383917 /* Resources */ = {
			isa = PBXResourcesBuildPhase;
			buildActionMask = 2147483647;
			files = (
				09C7310D1C71642B00383917 /* LaunchScreen.storyboard in Resources */,
				09C7310A1C71642B00383917 /* Assets.xcassets in Resources */,
				09C731051C71642B00383917 /* Main.storyboard in Resources */,
				09C731371C7165A000383917 /* ZYWheelView.xib in Resources */,
			);
			runOnlyForDeploymentPostprocessing = 0;
		};
		09C731111C71642B00383917 /* Resources */ = {
			isa = PBXResourcesBuildPhase;
			buildActionMask = 2147483647;
			files = (
			);
			runOnlyForDeploymentPostprocessing = 0;
		};
		09C7311C1C71642B00383917 /* Resources */ = {
			isa = PBXResourcesBuildPhase;
			buildActionMask = 2147483647;
			files = (
			);
			runOnlyForDeploymentPostprocessing = 0;
		};
/* End PBXResourcesBuildPhase section */

/* Begin PBXSourcesBuildPhase section */
		09C730F31C71642B00383917 /* Sources */ = {
			isa = PBXSourcesBuildPhase;
			buildActionMask = 2147483647;
			files = (
				09C731021C71642B00383917 /* ViewController.m in Sources */,
				09C731081C71642B00383917 /* ____.xcdatamodeld in Sources */,
				09C731351C71658E00383917 /* ZYWheelView.m in Sources */,
				09C730FF1C71642B00383917 /* AppDelegate.m in Sources */,
				09C730FC1C71642B00383917 /* main.m in Sources */,
			);
			runOnlyForDeploymentPostprocessing = 0;
		};
		09C7310F1C71642B00383917 /* Sources */ = {
			isa = PBXSourcesBuildPhase;
			buildActionMask = 2147483647;
			files = (
				09C731181C71642B00383917 /* ____Tests.m in Sources */,
			);
			runOnlyForDeploymentPostprocessing = 0;
		};
		09C7311A1C71642B00383917 /* Sources */ = {
			isa = PBXSourcesBuildPhase;
			buildActionMask = 2147483647;
			files = (
				09C731231C71642B00383917 /* ____UITests.m in Sources */,
			);
			runOnlyForDeploymentPostprocessing = 0;
		};
/* End PBXSourcesBuildPhase section */

/* Begin PBXTargetDependency section */
		09C731151C71642B00383917 /* PBXTargetDependency */ = {
			isa = PBXTargetDependency;
			target = 09C730F61C71642B00383917 /* 彩票转盘 */;
			targetProxy = 09C731141C71642B00383917 /* PBXContainerItemProxy */;
		};
		09C731201C71642B00383917 /* PBXTargetDependency */ = {
			isa = PBXTargetDependency;
			target = 09C730F61C71642B00383917 /* 彩票转盘 */;
			targetProxy = 09C7311F1C71642B00383917 /* PBXContainerItemProxy */;
		};
/* End PBXTargetDependency section */

/* Begin PBXVariantGroup section */
		09C731031C71642B00383917 /* Main.storyboard */ = {
			isa = PBXVariantGroup;
			children = (
				09C731041C71642B00383917 /* Base */,
			);
			name = Main.storyboard;
			sourceTree = "<group>";
		};
		09C7310B1C71642B00383917 /* LaunchScreen.storyboard */ = {
			isa = PBXVariantGroup;
			children = (
				09C7310C1C71642B00383917 /* Base */,
			);
			name = LaunchScreen.storyboard;
			sourceTree = "<group>";
		};
/* End PBXVariantGroup section */

/* Begin XCBuildConfiguration section */
		09C731251C71642B00383917 /* Debug */ = {
			isa = XCBuildConfiguration;
			buildSettings = {
				ALWAYS_SEARCH_USER_PATHS = NO;
				CLANG_CXX_LANGUAGE_STANDARD = "gnu++0x";
				CLANG_CXX_LIBRARY = "libc++";
				CLANG_ENABLE_MODULES = YES;
				CLANG_ENABLE_OBJC_ARC = YES;
				CLANG_WARN_BOOL_CONVERSION = YES;
				CLANG_WARN_CONSTANT_CONVERSION = YES;
				CLANG_WARN_DIRECT_OBJC_ISA_USAGE = YES_ERROR;
				CLANG_WARN_EMPTY_BODY = YES;
				CLANG_WARN_ENUM_CONVERSION = YES;
				CLANG_WARN_INT_CONVERSION = YES;
				CLANG_WARN_OBJC_ROOT_CLASS = YES_ERROR;
				CLANG_WARN_UNREACHABLE_CODE = YES;
				CLANG_WARN__DUPLICATE_METHOD_MATCH = YES;
				"CODE_SIGN_IDENTITY[sdk=iphoneos*]" = "iPhone Developer";
				COPY_PHASE_STRIP = NO;
				DEBUG_INFORMATION_FORMAT = dwarf;
				ENABLE_STRICT_OBJC_MSGSEND = YES;
				ENABLE_TESTABILITY = YES;
				GCC_C_LANGUAGE_STANDARD = gnu99;
				GCC_DYNAMIC_NO_PIC = NO;
				GCC_NO_COMMON_BLOCKS = YES;
				GCC_OPTIMIZATION_LEVEL = 0;
				GCC_PREPROCESSOR_DEFINITIONS = (
					"DEBUG=1",
					"$(inherited)",
				);
				GCC_WARN_64_TO_32_BIT_CONVERSION = YES;
				GCC_WARN_ABOUT_RETURN_TYPE = YES_ERROR;
				GCC_WARN_UNDECLARED_SELECTOR = YES;
				GCC_WARN_UNINITIALIZED_AUTOS = YES_AGGRESSIVE;
				GCC_WARN_UNUSED_FUNCTION = YES;
				GCC_WARN_UNUSED_VARIABLE = YES;
				IPHONEOS_DEPLOYMENT_TARGET = 9.2;
				MTL_ENABLE_DEBUG_INFO = YES;
				ONLY_ACTIVE_ARCH = YES;
				SDKROOT = iphoneos;
				TARGETED_DEVICE_FAMILY = "1,2";
			};
			name = Debug;
		};
		09C731261C71642B00383917 /* Release */ = {
			isa = XCBuildConfiguration;
			buildSettings = {
				ALWAYS_SEARCH_USER_PATHS = NO;
				CLANG_CXX_LANGUAGE_STANDARD = "gnu++0x";
				CLANG_CXX_LIBRARY = "libc++";
				CLANG_ENABLE_MODULES = YES;
				CLANG_ENABLE_OBJC_ARC = YES;
				CLANG_WARN_BOOL_CONVERSION = YES;
				CLANG_WARN_CONSTANT_CONVERSION = YES;
				CLANG_WARN_DIRECT_OBJC_ISA_USAGE = YES_ERROR;
				CLANG_WARN_EMPTY_BODY = YES;
				CLANG_WARN_ENUM_CONVERSION = YES;
				CLANG_WARN_INT_CONVERSION = YES;
				CLANG_WARN_OBJC_ROOT_CLASS = YES_ERROR;
				CLANG_WARN_UNREACHABLE_CODE = YES;
				CLANG_WARN__DUPLICATE_METHOD_MATCH = YES;
				"CODE_SIGN_IDENTITY[sdk=iphoneos*]" = "iPhone Developer";
				COPY_PHASE_STRIP = NO;
				DEBUG_INFORMATION_FORMAT = "dwarf-with-dsym";
				ENABLE_NS_ASSERTIONS = NO;
				ENABLE_STRICT_OBJC_MSGSEND = YES;
				GCC_C_LANGUAGE_STANDARD = gnu99;
				GCC_NO_COMMON_BLOCKS = YES;
				GCC_WARN_64_TO_32_BIT_CONVERSION = YES;
				GCC_WARN_ABOUT_RETURN_TYPE = YES_ERROR;
				GCC_WARN_UNDECLARED_SELECTOR = YES;
				GCC_WARN_UNINITIALIZED_AUTOS = YES_AGGRESSIVE;
				GCC_WARN_UNUSED_FUNCTION = YES;
				GCC_WARN_UNUSED_VARIABLE = YES;
				IPHONEOS_DEPLOYMENT_TARGET = 9.2;
				MTL_ENABLE_DEBUG_INFO = NO;
				SDKROOT = iphoneos;
				TARGETED_DEVICE_FAMILY = "1,2";
				VALIDATE_PRODUCT = YES;
			};
			name = Release;
		};
		09C731281C71642B00383917 /* Debug */ = {
			isa = XCBuildConfiguration;
			buildSettings = {
				ASSETCATALOG_COMPILER_APPICON_NAME = AppIcon;
				INFOPLIST_FILE = "彩票转盘/Info.plist";
				LD_RUNPATH_SEARCH_PATHS = "$(inherited) @executable_path/Frameworks";
				PRODUCT_BUNDLE_IDENTIFIER = "-111.----";
				PRODUCT_NAME = "$(TARGET_NAME)";
			};
			name = Debug;
		};
		09C731291C71642B00383917 /* Release */ = {
			isa = XCBuildConfiguration;
			buildSettings = {
				ASSETCATALOG_COMPILER_APPICON_NAME = AppIcon;
				INFOPLIST_FILE = "彩票转盘/Info.plist";
				LD_RUNPATH_SEARCH_PATHS = "$(inherited) @executable_path/Frameworks";
				PRODUCT_BUNDLE_IDENTIFIER = "-111.----";
				PRODUCT_NAME = "$(TARGET_NAME)";
			};
			name = Release;
		};
		09C7312B1C71642B00383917 /* Debug */ = {
			isa = XCBuildConfiguration;
			buildSettings = {
				BUNDLE_LOADER = "$(TEST_HOST)";
				INFOPLIST_FILE = "彩票转盘Tests/Info.plist";
				LD_RUNPATH_SEARCH_PATHS = "$(inherited) @executable_path/Frameworks @loader_path/Frameworks";
				PRODUCT_BUNDLE_IDENTIFIER = "-111.----Tests";
				PRODUCT_NAME = "$(TARGET_NAME)";
				TEST_HOST = "$(BUILT_PRODUCTS_DIR)/彩票转盘.app/彩票转盘";
			};
			name = Debug;
		};
		09C7312C1C71642B00383917 /* Release */ = {
			isa = XCBuildConfiguration;
			buildSettings = {
				BUNDLE_LOADER = "$(TEST_HOST)";
				INFOPLIST_FILE = "彩票转盘Tests/Info.plist";
				LD_RUNPATH_SEARCH_PATHS = "$(inherited) @executable_path/Frameworks @loader_path/Frameworks";
				PRODUCT_BUNDLE_IDENTIFIER = "-111.----Tests";
				PRODUCT_NAME = "$(TARGET_NAME)";
				TEST_HOST = "$(BUILT_PRODUCTS_DIR)/彩票转盘.app/彩票转盘";
			};
			name = Release;
		};
		09C7312E1C71642B00383917 /* Debug */ = {
			isa = XCBuildConfiguration;
			buildSettings = {
				INFOPLIST_FILE = "彩票转盘UITests/Info.plist";
				LD_RUNPATH_SEARCH_PATHS = "$(inherited) @executable_path/Frameworks @loader_path/Frameworks";
				PRODUCT_BUNDLE_IDENTIFIER = "-111.----UITests";
				PRODUCT_NAME = "$(TARGET_NAME)";
				TEST_TARGET_NAME = "彩票转盘";
				USES_XCTRUNNER = YES;
			};
			name = Debug;
		};
		09C7312F1C71642B00383917 /* Release */ = {
			isa = XCBuildConfiguration;
			buildSettings = {
				INFOPLIST_FILE = "彩票转盘UITests/Info.plist";
				LD_RUNPATH_SEARCH_PATHS = "$(inherited) @executable_path/Frameworks @loader_path/Frameworks";
				PRODUCT_BUNDLE_IDENTIFIER = "-111.----UITests";
				PRODUCT_NAME = "$(TARGET_NAME)";
				TEST_TARGET_NAME = "彩票转盘";
				USES_XCTRUNNER = YES;
			};
			name = Release;
		};
/* End XCBuildConfiguration section */

/* Begin XCConfigurationList section */
		09C730F21C71642B00383917 /* Build configuration list for PBXProject "彩票转盘" */ = {
			isa = XCConfigurationList;
			buildConfigurations = (
				09C731251C71642B00383917 /* Debug */,
				09C731261C71642B00383917 /* Release */,
			);
			defaultConfigurationIsVisible = 0;
			defaultConfigurationName = Release;
		};
		09C731271C71642B00383917 /* Build configuration list for PBXNativeTarget "彩票转盘" */ = {
			isa = XCConfigurationList;
			buildConfigurations = (
				09C731281C71642B00383917 /* Debug */,
				09C731291C71642B00383917 /* Release */,
			);
			defaultConfigurationIsVisible = 0;
		};
		09C7312A1C71642B00383917 /* Build configuration list for PBXNativeTarget "彩票转盘Tests" */ = {
			isa = XCConfigurationList;
			buildConfigurations = (
				09C7312B1C71642B00383917 /* Debug */,
				09C7312C1C71642B00383917 /* Release */,
			);
			defaultConfigurationIsVisible = 0;
		};
		09C7312D1C71642B00383917 /* Build configuration list for PBXNativeTarget "彩票转盘UITests" */ = {
			isa = XCConfigurationList;
			buildConfigurations = (
				09C7312E1C71642B00383917 /* Debug */,
				09C7312F1C71642B00383917 /* Release */,
			);
			defaultConfigurationIsVisible = 0;
		};
/* End XCConfigurationList section */

/* Begin XCVersionGroup section */
		09C731061C71642B00383917 /* ____.xcdatamodeld */ = {
			isa = XCVersionGroup;
			children = (
				09C731071C71642B00383917 /* ____.xcdatamodel */,
			);
			currentVersion = 09C731071C71642B00383917 /* ____.xcdatamodel */;
			path = "____.xcdatamodeld";
			sourceTree = "<group>";
			versionGroupType = wrapper.xcdatamodel;
		};
/* End XCVersionGroup section */
	};
	rootObject = 09C730EF1C71642B00383917 /* Project object */;
}
